lockfileVersion: '9.0'

settings:
  autoInstallPeers: true
  excludeLinksFromLockfile: false

importers:

  .:
    dependencies:
      '@types/node':
        specifier: ^17.0.18
        version: 17.0.18

packages:

  '@types/node@17.0.18':
    resolution: {integrity: sha512-eKj4f/BsN/qcculZiRSujogjvp5O/k4lOW5m35NopjZM/QwLOR075a8pJW5hD+Rtdm2DaCVPENS6KtSQnUD6BA==, tarball: https://npm.pkg.github.com/download/@types/node/17.0.18/3b4fed5cfb58010e3a2be4b6e74615e4847f1074}

snapshots:

  '@types/node@17.0.18': {}
